
Microsoft Visual Studio Solution File, Format Version 12.00
# Visual Studio Version 17
VisualStudioVersion = 17.4.33213.308
MinimumVisualStudioVersion = 10.0.40219.1
Project("{FAE04EC0-301F-11D3-BF4B-00C04F79EFBC}") = "MvcPractica2DDB", "MvcPractica2DDB\MvcPractica2DDB.csproj", "{90567BEC-D831-4FA6-AB50-E9E5C75355EE}"
EndProject
Global
	GlobalSection(SolutionConfigurationPlatforms) = preSolution
		Debug|Any CPU = Debug|Any CPU
		Release|Any CPU = Release|Any CPU
	EndGlobalSection
	GlobalSection(ProjectConfigurationPlatforms) = postSolution
		{90567BEC-D831-4FA6-AB50-E9E5C75355EE}.Debug|Any CPU.ActiveCfg = Debug|Any CPU
		{90567BEC-D831-4FA6-AB50-E9E5C75355EE}.Debug|Any CPU.Build.0 = Debug|Any CPU
		{90567BEC-D831-4FA6-AB50-E9E5C75355EE}.Release|Any CPU.ActiveCfg = Release|Any CPU
		{90567BEC-D831-4FA6-AB50-E9E5C75355EE}.Release|Any CPU.Build.0 = Release|Any CPU
	EndGlobalSection
	GlobalSection(SolutionProperties) = preSolution
		HideSolutionNode = FALSE
	EndGlobalSection
	GlobalSection(ExtensibilityGlobals) = postSolution
		SolutionGuid = {EE76629E-AE8B-4D09-AFB9-B46B45A7DF87}
	EndGlobalSection
EndGlobal
